{
  "name": "linear-proxy",
  "version": "1.0.0",
  "lockfileVersion": 3,
  "requires": true,
  "packages": {
    "": {
      "name": "linear-proxy",
      "version": "1.0.0",
      "license": "MIT",
      "devDependencies": {
        "@cloudflare/workers-types": "^4.20260212.0"
      }
    },
    "node_modules/@cloudflare/workers-types": {
      "version": "4.20260212.0",
      "resolved": "https://registry.npmjs.org/@cloudflare/workers-types/-/workers-types-4.20260212.0.tgz",
      "integrity": "sha512-ZK+e8T/2tWBCrE8PoAi9oqTxcBen9Apq+dxbsy1R5LFVdB6M4pY+oP49OFuHTTezrvNXbyvmzbf/vjtrCPGdNg==",
      "dev": true
    }
  }
}
